
Microsoft Visual Studio Solution File, Format Version 12.00
# Visual Studio Version 16
VisualStudioVersion = 16.0.31112.23
MinimumVisualStudioVersion = 10.0.40219.1
Project("{9A19103F-16F7-4668-BE54-9A1E7A4F7556}") = "OtusHW28", "OtusHW28.csproj", "{BE1585F1-F494-46BB-BC5D-3BDD374E3E0E}"
EndProject
Global
	GlobalSection(SolutionConfigurationPlatforms) = preSolution
		Debug|Any CPU = Debug|Any CPU
		Release|Any CPU = Release|Any CPU
	EndGlobalSection
	GlobalSection(ProjectConfigurationPlatforms) = postSolution
		{BE1585F1-F494-46BB-BC5D-3BDD374E3E0E}.Debug|Any CPU.ActiveCfg = Debug|Any CPU
		{BE1585F1-F494-46BB-BC5D-3BDD374E3E0E}.Debug|Any CPU.Build.0 = Debug|Any CPU
		{BE1585F1-F494-46BB-BC5D-3BDD374E3E0E}.Release|Any CPU.ActiveCfg = Release|Any CPU
		{BE1585F1-F494-46BB-BC5D-3BDD374E3E0E}.Release|Any CPU.Build.0 = Release|Any CPU
	EndGlobalSection
	GlobalSection(SolutionProperties) = preSolution
		HideSolutionNode = FALSE
	EndGlobalSection
	GlobalSection(ExtensibilityGlobals) = postSolution
		SolutionGuid = {371D0E20-6097-4F9E-9FA4-FD8C2212693B}
	EndGlobalSection
EndGlobal
